PODS:
  - PVDBaseMVC (0.1.0):
    - PVDSwiftAddOns (~> 0.1.2)
    - SnapKit (~> 4.0.0)
  - PVDSwiftAddOns (0.1.2)
  - SnapKit (4.0.0)

DEPENDENCIES:
  - PVDBaseMVC (from `../`)

EXTERNAL SOURCES:
  PVDBaseMVC:
    :path: ../

SPEC CHECKSUMS:
  PVDBaseMVC: 81220360d4d02e2359e5332cdd87aaeb1c89189b
  PVDSwiftAddOns: 4d56563728613565245c4b871d0c22c90bf3405b
  SnapKit: a42d492c16e80209130a3379f73596c3454b7694

PODFILE CHECKSUM: 24db8f088b1054742dd4b3af719bcfb2f346fc09

COCOAPODS: 1.3.1
