PODS:
  - PVDBaseMVC (0.2.0):
    - PVDSwiftAddOns (~> 0.2.1)
    - SDWebImage (~> 4.3)
    - SnapKit (~> 4.0.0)
  - PVDSwiftAddOns (0.2.1)
  - SDWebImage (4.4.2):
    - SDWebImage/Core (= 4.4.2)
  - SDWebImage/Core (4.4.2)
  - SnapKit (4.0.1)

DEPENDENCIES:
  - PVDBaseMVC (from `../`)

SPEC REPOS:
  https://github.com/cocoapods/specs.git:
    - PVDSwiftAddOns
    - SDWebImage
    - SnapKit

EXTERNAL SOURCES:
  PVDBaseMVC:
    :path: "../"

SPEC CHECKSUMS:
  PVDBaseMVC: 2c2bfa7d3e2035e4178779a3cd046660e5647c80
  PVDSwiftAddOns: 14d93a7e22dbcb9d508ab9ec75b83ac7a304000a
  SDWebImage: 624d6e296c69b244bcede364c72ae0430ac14681
  SnapKit: 0de968a9fec17499afa29683b05d0c775b6d1c29

PODFILE CHECKSUM: 24db8f088b1054742dd4b3af719bcfb2f346fc09

COCOAPODS: 1.5.3
